
Microsoft Visual Studio Solution File, Format Version 12.00
# Visual Studio 14
VisualStudioVersion = 14.0.25420.1
MinimumVisualStudioVersion = 10.0.40219.1
Project("{FAE04EC0-301F-11D3-BF4B-00C04F79EFBC}") = "Romanos", "Romanos\Romanos.csproj", "{DC4FBFDC-54EB-489A-8922-4E67F8D71D84}"
EndProject
Project("{FAE04EC0-301F-11D3-BF4B-00C04F79EFBC}") = "Romanos.Test", "Romanos.Test\Romanos.Test.csproj", "{F23BC01A-25F4-49D5-B9A8-4F3E64929E92}"
EndProject
Global
	GlobalSection(SolutionConfigurationPlatforms) = preSolution
		Debug|Any CPU = Debug|Any CPU
		Release|Any CPU = Release|Any CPU
	EndGlobalSection
	GlobalSection(ProjectConfigurationPlatforms) = postSolution
		{DC4FBFDC-54EB-489A-8922-4E67F8D71D84}.Debug|Any CPU.ActiveCfg = Debug|Any CPU
		{DC4FBFDC-54EB-489A-8922-4E67F8D71D84}.Debug|Any CPU.Build.0 = Debug|Any CPU
		{DC4FBFDC-54EB-489A-8922-4E67F8D71D84}.Release|Any CPU.ActiveCfg = Release|Any CPU
		{DC4FBFDC-54EB-489A-8922-4E67F8D71D84}.Release|Any CPU.Build.0 = Release|Any CPU
		{F23BC01A-25F4-49D5-B9A8-4F3E64929E92}.Debug|Any CPU.ActiveCfg = Debug|Any CPU
		{F23BC01A-25F4-49D5-B9A8-4F3E64929E92}.Debug|Any CPU.Build.0 = Debug|Any CPU
		{F23BC01A-25F4-49D5-B9A8-4F3E64929E92}.Release|Any CPU.ActiveCfg = Release|Any CPU
		{F23BC01A-25F4-49D5-B9A8-4F3E64929E92}.Release|Any CPU.Build.0 = Release|Any CPU
	EndGlobalSection
	GlobalSection(SolutionProperties) = preSolution
		HideSolutionNode = FALSE
	EndGlobalSection
EndGlobal
